
Microsoft Visual Studio Solution File, Format Version 12.00
# Visual Studio Version 16
VisualStudioVersion = 16.0.30907.101
MinimumVisualStudioVersion = 10.0.40219.1
Project("{9A19103F-16F7-4668-BE54-9A1E7A4F7556}") = "GraphQLWithHotChocolate.Enity", "GraphQLWithHotChocolate.Enity\GraphQLWithHotChocolate.Enity.csproj", "{BA045685-EFFC-4164-B1F7-FA3C16950D5B}"
EndProject
Project("{9A19103F-16F7-4668-BE54-9A1E7A4F7556}") = "GraphQLWithHotChocolate.API", "GraphQLWithHotChocolate.API\GraphQLWithHotChocolate.API.csproj", "{9103CDF1-FD48-4A5E-B866-05716EC3B001}"
EndProject
Project("{2150E333-8FDC-42A3-9474-1A3956D46DE8}") = "Solution Items", "Solution Items", "{152E055A-2A8B-4D75-87BB-003A9279AAA4}"
	ProjectSection(SolutionItems) = preProject
		.editorconfig = .editorconfig
		GraphQLWithHotChocolate.API\README.md = GraphQLWithHotChocolate.API\README.md
	EndProjectSection
EndProject
Global
	GlobalSection(SolutionConfigurationPlatforms) = preSolution
		Debug|Any CPU = Debug|Any CPU
		Release|Any CPU = Release|Any CPU
	EndGlobalSection
	GlobalSection(ProjectConfigurationPlatforms) = postSolution
		{BA045685-EFFC-4164-B1F7-FA3C16950D5B}.Debug|Any CPU.ActiveCfg = Debug|Any CPU
		{BA045685-EFFC-4164-B1F7-FA3C16950D5B}.Debug|Any CPU.Build.0 = Debug|Any CPU
		{BA045685-EFFC-4164-B1F7-FA3C16950D5B}.Release|Any CPU.ActiveCfg = Release|Any CPU
		{BA045685-EFFC-4164-B1F7-FA3C16950D5B}.Release|Any CPU.Build.0 = Release|Any CPU
		{9103CDF1-FD48-4A5E-B866-05716EC3B001}.Debug|Any CPU.ActiveCfg = Debug|Any CPU
		{9103CDF1-FD48-4A5E-B866-05716EC3B001}.Debug|Any CPU.Build.0 = Debug|Any CPU
		{9103CDF1-FD48-4A5E-B866-05716EC3B001}.Release|Any CPU.ActiveCfg = Release|Any CPU
		{9103CDF1-FD48-4A5E-B866-05716EC3B001}.Release|Any CPU.Build.0 = Release|Any CPU
	EndGlobalSection
	GlobalSection(SolutionProperties) = preSolution
		HideSolutionNode = FALSE
	EndGlobalSection
	GlobalSection(ExtensibilityGlobals) = postSolution
		SolutionGuid = {61C4A2E0-8B24-4C10-80F4-DF65CBE2B9B1}
	EndGlobalSection
EndGlobal
